
Microsoft Visual Studio Solution File, Format Version 12.00
# Visual Studio Version 17
VisualStudioVersion = 17.5.33209.295
MinimumVisualStudioVersion = 10.0.40219.1
Project("{FAE04EC0-301F-11D3-BF4B-00C04F79EFBC}") = "BlazorWasmApp", "BlazorWasmApp.csproj", "{B95B3047-6295-40B8-8593-0FB992DA1F30}"
EndProject
Global
	GlobalSection(SolutionConfigurationPlatforms) = preSolution
		Debug|Any CPU = Debug|Any CPU
		Release|Any CPU = Release|Any CPU
	EndGlobalSection
	GlobalSection(ProjectConfigurationPlatforms) = postSolution
		{B95B3047-6295-40B8-8593-0FB992DA1F30}.Debug|Any CPU.ActiveCfg = Debug|Any CPU
		{B95B3047-6295-40B8-8593-0FB992DA1F30}.Debug|Any CPU.Build.0 = Debug|Any CPU
		{B95B3047-6295-40B8-8593-0FB992DA1F30}.Release|Any CPU.ActiveCfg = Release|Any CPU
		{B95B3047-6295-40B8-8593-0FB992DA1F30}.Release|Any CPU.Build.0 = Release|Any CPU
	EndGlobalSection
	GlobalSection(SolutionProperties) = preSolution
		HideSolutionNode = FALSE
	EndGlobalSection
	GlobalSection(ExtensibilityGlobals) = postSolution
		SolutionGuid = {112CD863-64C3-4B36-B5E3-FC0C9651BE9A}
	EndGlobalSection
EndGlobal
